Microsoft Visual Studio Solution File, Format Version 7.00
Project("{FAE04EC0-301F-11D3-BF4B-00C04F79EFBC}") = "linetornet", "http://localhost/linetor/linetornet.csproj", "{2017C052-4203-4DA8-BF42-CD2DC3C64439}"
EndProject
Global
	GlobalSection(SolutionConfiguration) = preSolution
		ConfigName.0 = Debug
		ConfigName.1 = Release
	EndGlobalSection
	GlobalSection(ProjectDependencies) = postSolution
	EndGlobalSection
	GlobalSection(ProjectConfiguration) = postSolution
		{2017C052-4203-4DA8-BF42-CD2DC3C64439}.Debug.ActiveCfg = Debug|.NET
		{2017C052-4203-4DA8-BF42-CD2DC3C64439}.Debug.Build.0 = Debug|.NET
		{2017C052-4203-4DA8-BF42-CD2DC3C64439}.Release.ActiveCfg = Release|.NET
		{2017C052-4203-4DA8-BF42-CD2DC3C64439}.Release.Build.0 = Release|.NET
	EndGlobalSection
	GlobalSection(ExtensibilityGlobals) = postSolution
	EndGlobalSection
	GlobalSection(ExtensibilityAddIns) = postSolution
	EndGlobalSection
EndGlobal
